// !$*UTF8*$!
{
	archiveVersion = 1;
	classes = {
	};
	objectVersion = 46;
	objects = {

/* Begin PBXBuildFile section */
		EB3EBCC01B14AEB5006FB03B /* bmpfuncs.c in Sources */ = {isa = PBXBuildFile; fileRef = EB3EBCBB1B14AEB5006FB03B /* bmpfuncs.c */; };
		EB3EBCC11B14AEB5006FB03B /* rotation.cl in Sources */ = {isa = PBXBuildFile; fileRef = EB3EBCBE1B14AEB5006FB03B /* rotation.cl */; };
		EB3EBCC41B14AEC3006FB03B /* OpenCL.framework in Frameworks */ = {isa = PBXBuildFile; fileRef = EB3EBCC31B14AEC3006FB03B /* OpenCL.framework */; };
		EB3EBCC81B14AF4E006FB03B /* rotation.cpp in Sources */ = {isa = PBXBuildFile; fileRef = EB3EBCC71B14AF4E006FB03B /* rotation.cpp */; };
/* End PBXBuildFile section */

/* Begin PBXCopyFilesBuildPhase section */
		EB3EBCAF1B14AE9F006FB03B /* CopyFiles */ = {
			isa = PBXCopyFilesBuildPhase;
			buildActionMask = 2147483647;
			dstPath = /usr/share/man/man1/;
			dstSubfolderSpec = 0;
			files = (
			);
			runOnlyForDeploymentPostprocessing = 1;
		};
/* End PBXCopyFilesBuildPhase section */

/* Begin PBXFileReference section */
		EB3EBCB11B14AE9F006FB03B /* Rotate */ = {isa = PBXFileReference; explicitFileType = "compiled.mach-o.executable"; includeInIndex = 0; path = Rotate; sourceTree = BUILT_PRODUCTS_DIR; };
		EB3EBCBB1B14AEB5006FB03B /* bmpfuncs.c */ = {isa = PBXFileReference; fileEncoding = 4; lastKnownFileType = sourcecode.c.c; name = bmpfuncs.c; path = ../../bmpfuncs.c; sourceTree = "<group>"; };
		EB3EBCBC1B14AEB5006FB03B /* bmpfuncs.h */ = {isa = PBXFileReference; fileEncoding = 4; lastKnownFileType = sourcecode.c.h; name = bmpfuncs.h; path = ../../bmpfuncs.h; sourceTree = "<group>"; };
		EB3EBCBD1B14AEB5006FB03B /* cl.hpp */ = {isa = PBXFileReference; fileEncoding = 4; lastKnownFileType = sourcecode.cpp.h; name = cl.hpp; path = ../../cl.hpp; sourceTree = "<group>"; };
		EB3EBCBE1B14AEB5006FB03B /* rotation.cl */ = {isa = PBXFileReference; fileEncoding = 4; lastKnownFileType = sourcecode.opencl; name = rotation.cl; path = ../../rotation.cl; sourceTree = "<group>"; };
		EB3EBCC31B14AEC3006FB03B /* OpenCL.framework */ = {isa = PBXFileReference; lastKnownFileType = wrapper.framework; name = OpenCL.framework; path = System/Library/Frameworks/OpenCL.framework; sourceTree = SDKROOT; };
		EB3EBCC71B14AF4E006FB03B /* rotation.cpp */ = {isa = PBXFileReference; fileEncoding = 4; lastKnownFileType = sourcecode.cpp.cpp; name = rotation.cpp; path = ../rotation.cpp; sourceTree = SOURCE_ROOT; };
/* End PBXFileReference section */

/* Begin PBXFrameworksBuildPhase section */
		EB3EBCAE1B14AE9F006FB03B /* Frameworks */ = {
			isa = PBXFrameworksBuildPhase;
			buildActionMask = 2147483647;
			files = (
				EB3EBCC41B14AEC3006FB03B /* OpenCL.framework in Frameworks */,
			);
			runOnlyForDeploymentPostprocessing = 0;
		};
/* End PBXFrameworksBuildPhase section */

/* Begin PBXGroup section */
		EB3EBCA81B14AE9F006FB03B = {
			isa = PBXGroup;
			children = (
				EB3EBCC31B14AEC3006FB03B /* OpenCL.framework */,
				EB3EBCB31B14AE9F006FB03B /* Rotate */,
				EB3EBCB21B14AE9F006FB03B /* Products */,
			);
			sourceTree = "<group>";
		};
		EB3EBCB21B14AE9F006FB03B /* Products */ = {
			isa = PBXGroup;
			children = (
				EB3EBCB11B14AE9F006FB03B /* Rotate */,
			);
			name = Products;
			sourceTree = "<group>";
		};
		EB3EBCB31B14AE9F006FB03B /* Rotate */ = {
			isa = PBXGroup;
			children = (
				EB3EBCC71B14AF4E006FB03B /* rotation.cpp */,
				EB3EBCBB1B14AEB5006FB03B /* bmpfuncs.c */,
				EB3EBCBC1B14AEB5006FB03B /* bmpfuncs.h */,
				EB3EBCBD1B14AEB5006FB03B /* cl.hpp */,
				EB3EBCBE1B14AEB5006FB03B /* rotation.cl */,
			);
			path = Rotate;
			sourceTree = "<group>";
		};
/* End PBXGroup section */

/* Begin PBXNativeTarget section */
		EB3EBCB01B14AE9F006FB03B /* Rotate */ = {
			isa = PBXNativeTarget;
			buildConfigurationList = EB3EBCB81B14AE9F006FB03B /* Build configuration list for PBXNativeTarget "Rotate" */;
			buildPhases = (
				EB3EBCAD1B14AE9F006FB03B /* Sources */,
				EB3EBCAE1B14AE9F006FB03B /* Frameworks */,
				EB3EBCAF1B14AE9F006FB03B /* CopyFiles */,
			);
			buildRules = (
			);
			dependencies = (
			);
			name = Rotate;
			productName = Rotate;
			productReference = EB3EBCB11B14AE9F006FB03B /* Rotate */;
			productType = "com.apple.product-type.tool";
		};
/* End PBXNativeTarget section */

/* Begin PBXProject section */
		EB3EBCA91B14AE9F006FB03B /* Project object */ = {
			isa = PBXProject;
			attributes = {
				LastUpgradeCheck = 0630;
				ORGANIZATIONNAME = wangbo;
				TargetAttributes = {
					EB3EBCB01B14AE9F006FB03B = {
						CreatedOnToolsVersion = 6.3.2;
					};
				};
			};
			buildConfigurationList = EB3EBCAC1B14AE9F006FB03B /* Build configuration list for PBXProject "Rotate" */;
			compatibilityVersion = "Xcode 3.2";
			developmentRegion = English;
			hasScannedForEncodings = 0;
			knownRegions = (
				en,
			);
			mainGroup = EB3EBCA81B14AE9F006FB03B;
			productRefGroup = EB3EBCB21B14AE9F006FB03B /* Products */;
			projectDirPath = "";
			projectRoot = "";
			targets = (
				EB3EBCB01B14AE9F006FB03B /* Rotate */,
			);
		};
/* End PBXProject section */

/* Begin PBXSourcesBuildPhase section */
		EB3EBCAD1B14AE9F006FB03B /* Sources */ = {
			isa = PBXSourcesBuildPhase;
			buildActionMask = 2147483647;
			files = (
				EB3EBCC11B14AEB5006FB03B /* rotation.cl in Sources */,
				EB3EBCC81B14AF4E006FB03B /* rotation.cpp in Sources */,
				EB3EBCC01B14AEB5006FB03B /* bmpfuncs.c in Sources */,
			);
			runOnlyForDeploymentPostprocessing = 0;
		};
/* End PBXSourcesBuildPhase section */

/* Begin XCBuildConfiguration section */
		EB3EBCB61B14AE9F006FB03B /* Debug */ = {
			isa = XCBuildConfiguration;
			buildSettings = {
				ALWAYS_SEARCH_USER_PATHS = NO;
				CLANG_CXX_LANGUAGE_STANDARD = "gnu++0x";
				CLANG_CXX_LIBRARY = "libc++";
				CLANG_ENABLE_MODULES = YES;
				CLANG_ENABLE_OBJC_ARC = YES;
				CLANG_WARN_BOOL_CONVERSION = YES;
				CLANG_WARN_CONSTANT_CONVERSION = YES;
				CLANG_WARN_DIRECT_OBJC_ISA_USAGE = YES_ERROR;
				CLANG_WARN_EMPTY_BODY = YES;
				CLANG_WARN_ENUM_CONVERSION = YES;
				CLANG_WARN_INT_CONVERSION = YES;
				CLANG_WARN_OBJC_ROOT_CLASS = YES_ERROR;
				CLANG_WARN_UNREACHABLE_CODE = YES;
				CLANG_WARN__DUPLICATE_METHOD_MATCH = YES;
				COPY_PHASE_STRIP = NO;
				DEBUG_INFORMATION_FORMAT = dwarf;
				ENABLE_STRICT_OBJC_MSGSEND = YES;
				GCC_C_LANGUAGE_STANDARD = gnu99;
				GCC_DYNAMIC_NO_PIC = NO;
				GCC_NO_COMMON_BLOCKS = YES;
				GCC_OPTIMIZATION_LEVEL = 0;
				GCC_PREPROCESSOR_DEFINITIONS = (
					"DEBUG=1",
					"$(inherited)",
				);
				GCC_SYMBOLS_PRIVATE_EXTERN = NO;
				GCC_WARN_64_TO_32_BIT_CONVERSION = YES;
				GCC_WARN_ABOUT_RETURN_TYPE = YES_ERROR;
				GCC_WARN_UNDECLARED_SELECTOR = YES;
				GCC_WARN_UNINITIALIZED_AUTOS = YES_AGGRESSIVE;
				GCC_WARN_UNUSED_FUNCTION = YES;
				GCC_WARN_UNUSED_VARIABLE = YES;
				MACOSX_DEPLOYMENT_TARGET = 10.10;
				MTL_ENABLE_DEBUG_INFO = YES;
				ONLY_ACTIVE_ARCH = YES;
				SDKROOT = macosx;
			};
			name = Debug;
		};
		EB3EBCB71B14AE9F006FB03B /* Release */ = {
			isa = XCBuildConfiguration;
			buildSettings = {
				ALWAYS_SEARCH_USER_PATHS = NO;
				CLANG_CXX_LANGUAGE_STANDARD = "gnu++0x";
				CLANG_CXX_LIBRARY = "libc++";
				CLANG_ENABLE_MODULES = YES;
				CLANG_ENABLE_OBJC_ARC = YES;
				CLANG_WARN_BOOL_CONVERSION = YES;
				CLANG_WARN_CONSTANT_CONVERSION = YES;
				CLANG_WARN_DIRECT_OBJC_ISA_USAGE = YES_ERROR;
				CLANG_WARN_EMPTY_BODY = YES;
				CLANG_WARN_ENUM_CONVERSION = YES;
				CLANG_WARN_INT_CONVERSION = YES;
				CLANG_WARN_OBJC_ROOT_CLASS = YES_ERROR;
				CLANG_WARN_UNREACHABLE_CODE = YES;
				CLANG_WARN__DUPLICATE_METHOD_MATCH = YES;
				COPY_PHASE_STRIP = NO;
				DEBUG_INFORMATION_FORMAT = "dwarf-with-dsym";
				ENABLE_NS_ASSERTIONS = NO;
				ENABLE_STRICT_OBJC_MSGSEND = YES;
				GCC_C_LANGUAGE_STANDARD = gnu99;
				GCC_NO_COMMON_BLOCKS = YES;
				GCC_WARN_64_TO_32_BIT_CONVERSION = YES;
				GCC_WARN_ABOUT_RETURN_TYPE = YES_ERROR;
				GCC_WARN_UNDECLARED_SELECTOR = YES;
				GCC_WARN_UNINITIALIZED_AUTOS = YES_AGGRESSIVE;
				GCC_WARN_UNUSED_FUNCTION = YES;
				GCC_WARN_UNUSED_VARIABLE = YES;
				MACOSX_DEPLOYMENT_TARGET = 10.10;
				MTL_ENABLE_DEBUG_INFO = NO;
				SDKROOT = macosx;
			};
			name = Release;
		};
		EB3EBCB91B14AE9F006FB03B /* Debug */ = {
			isa = XCBuildConfiguration;
			buildSettings = {
				PRODUCT_NAME = "$(TARGET_NAME)";
			};
			name = Debug;
		};
		EB3EBCBA1B14AE9F006FB03B /* Release */ = {
			isa = XCBuildConfiguration;
			buildSettings = {
				PRODUCT_NAME = "$(TARGET_NAME)";
			};
			name = Release;
		};
/* End XCBuildConfiguration section */

/* Begin XCConfigurationList section */
		EB3EBCAC1B14AE9F006FB03B /* Build configuration list for PBXProject "Rotate" */ = {
			isa = XCConfigurationList;
			buildConfigurations = (
				EB3EBCB61B14AE9F006FB03B /* Debug */,
				EB3EBCB71B14AE9F006FB03B /* Release */,
			);
			defaultConfigurationIsVisible = 0;
			defaultConfigurationName = Release;
		};
		EB3EBCB81B14AE9F006FB03B /* Build configuration list for PBXNativeTarget "Rotate" */ = {
			isa = XCConfigurationList;
			buildConfigurations = (
				EB3EBCB91B14AE9F006FB03B /* Debug */,
				EB3EBCBA1B14AE9F006FB03B /* Release */,
			);
			defaultConfigurationIsVisible = 0;
			defaultConfigurationName = Release;
		};
/* End XCConfigurationList section */
	};
	rootObject = EB3EBCA91B14AE9F006FB03B /* Project object */;
}
