// !$*UTF8*$!
{
	archiveVersion = 1;
	classes = {
	};
	objectVersion = 46;
	objects = {

/* Begin PBXBuildFile section */
		EB3EBC931B14A15D006FB03B /* bmpfuncs.c in Sources */ = {isa = PBXBuildFile; fileRef = EB3EBC8F1B14A15D006FB03B /* bmpfuncs.c */; };
		EB3EBC951B14A15D006FB03B /* convolution.cl in Sources */ = {isa = PBXBuildFile; fileRef = EB3EBC921B14A15D006FB03B /* convolution.cl */; };
		EB3EBC971B14A173006FB03B /* OpenCL.framework in Frameworks */ = {isa = PBXBuildFile; fileRef = EB3EBC961B14A173006FB03B /* OpenCL.framework */; };
		EB3EBC9C1B14AB38006FB03B /* convolution.c in Sources */ = {isa = PBXBuildFile; fileRef = EB3EBC9B1B14AB38006FB03B /* convolution.c */; };
/* End PBXBuildFile section */

/* Begin PBXCopyFilesBuildPhase section */
		EB3EBC831B14A14B006FB03B /* CopyFiles */ = {
			isa = PBXCopyFilesBuildPhase;
			buildActionMask = 2147483647;
			dstPath = /usr/share/man/man1/;
			dstSubfolderSpec = 0;
			files = (
			);
			runOnlyForDeploymentPostprocessing = 1;
		};
/* End PBXCopyFilesBuildPhase section */

/* Begin PBXFileReference section */
		EB3EBC851B14A14B006FB03B /* Convolution */ = {isa = PBXFileReference; explicitFileType = "compiled.mach-o.executable"; includeInIndex = 0; path = Convolution; sourceTree = BUILT_PRODUCTS_DIR; };
		EB3EBC8F1B14A15D006FB03B /* bmpfuncs.c */ = {isa = PBXFileReference; fileEncoding = 4; lastKnownFileType = sourcecode.c.c; name = bmpfuncs.c; path = ../../bmpfuncs.c; sourceTree = "<group>"; };
		EB3EBC901B14A15D006FB03B /* bmpfuncs.h */ = {isa = PBXFileReference; fileEncoding = 4; lastKnownFileType = sourcecode.c.h; name = bmpfuncs.h; path = ../../bmpfuncs.h; sourceTree = "<group>"; };
		EB3EBC921B14A15D006FB03B /* convolution.cl */ = {isa = PBXFileReference; fileEncoding = 4; lastKnownFileType = sourcecode.opencl; name = convolution.cl; path = ../../convolution.cl; sourceTree = "<group>"; };
		EB3EBC961B14A173006FB03B /* OpenCL.framework */ = {isa = PBXFileReference; lastKnownFileType = wrapper.framework; name = OpenCL.framework; path = System/Library/Frameworks/OpenCL.framework; sourceTree = SDKROOT; };
		EB3EBC9B1B14AB38006FB03B /* convolution.c */ = {isa = PBXFileReference; fileEncoding = 4; lastKnownFileType = sourcecode.c.c; name = convolution.c; path = ../../convolution.c; sourceTree = "<group>"; };
/* End PBXFileReference section */

/* Begin PBXFrameworksBuildPhase section */
		EB3EBC821B14A14B006FB03B /* Frameworks */ = {
			isa = PBXFrameworksBuildPhase;
			buildActionMask = 2147483647;
			files = (
				EB3EBC971B14A173006FB03B /* OpenCL.framework in Frameworks */,
			);
			runOnlyForDeploymentPostprocessing = 0;
		};
/* End PBXFrameworksBuildPhase section */

/* Begin PBXGroup section */
		EB3EBC7C1B14A14B006FB03B = {
			isa = PBXGroup;
			children = (
				EB3EBC961B14A173006FB03B /* OpenCL.framework */,
				EB3EBC871B14A14B006FB03B /* Convolution */,
				EB3EBC861B14A14B006FB03B /* Products */,
			);
			sourceTree = "<group>";
		};
		EB3EBC861B14A14B006FB03B /* Products */ = {
			isa = PBXGroup;
			children = (
				EB3EBC851B14A14B006FB03B /* Convolution */,
			);
			name = Products;
			sourceTree = "<group>";
		};
		EB3EBC871B14A14B006FB03B /* Convolution */ = {
			isa = PBXGroup;
			children = (
				EB3EBC9B1B14AB38006FB03B /* convolution.c */,
				EB3EBC8F1B14A15D006FB03B /* bmpfuncs.c */,
				EB3EBC901B14A15D006FB03B /* bmpfuncs.h */,
				EB3EBC921B14A15D006FB03B /* convolution.cl */,
			);
			path = Convolution;
			sourceTree = "<group>";
		};
/* End PBXGroup section */

/* Begin PBXNativeTarget section */
		EB3EBC841B14A14B006FB03B /* Convolution */ = {
			isa = PBXNativeTarget;
			buildConfigurationList = EB3EBC8C1B14A14B006FB03B /* Build configuration list for PBXNativeTarget "Convolution" */;
			buildPhases = (
				EB3EBC811B14A14B006FB03B /* Sources */,
				EB3EBC821B14A14B006FB03B /* Frameworks */,
				EB3EBC831B14A14B006FB03B /* CopyFiles */,
			);
			buildRules = (
			);
			dependencies = (
			);
			name = Convolution;
			productName = Convolution;
			productReference = EB3EBC851B14A14B006FB03B /* Convolution */;
			productType = "com.apple.product-type.tool";
		};
/* End PBXNativeTarget section */

/* Begin PBXProject section */
		EB3EBC7D1B14A14B006FB03B /* Project object */ = {
			isa = PBXProject;
			attributes = {
				LastUpgradeCheck = 0630;
				ORGANIZATIONNAME = wangbo;
				TargetAttributes = {
					EB3EBC841B14A14B006FB03B = {
						CreatedOnToolsVersion = 6.3.2;
					};
				};
			};
			buildConfigurationList = EB3EBC801B14A14B006FB03B /* Build configuration list for PBXProject "Convolution" */;
			compatibilityVersion = "Xcode 3.2";
			developmentRegion = English;
			hasScannedForEncodings = 0;
			knownRegions = (
				en,
			);
			mainGroup = EB3EBC7C1B14A14B006FB03B;
			productRefGroup = EB3EBC861B14A14B006FB03B /* Products */;
			projectDirPath = "";
			projectRoot = "";
			targets = (
				EB3EBC841B14A14B006FB03B /* Convolution */,
			);
		};
/* End PBXProject section */

/* Begin PBXSourcesBuildPhase section */
		EB3EBC811B14A14B006FB03B /* Sources */ = {
			isa = PBXSourcesBuildPhase;
			buildActionMask = 2147483647;
			files = (
				EB3EBC931B14A15D006FB03B /* bmpfuncs.c in Sources */,
				EB3EBC951B14A15D006FB03B /* convolution.cl in Sources */,
				EB3EBC9C1B14AB38006FB03B /* convolution.c in Sources */,
			);
			runOnlyForDeploymentPostprocessing = 0;
		};
/* End PBXSourcesBuildPhase section */

/* Begin XCBuildConfiguration section */
		EB3EBC8A1B14A14B006FB03B /* Debug */ = {
			isa = XCBuildConfiguration;
			buildSettings = {
				ALWAYS_SEARCH_USER_PATHS = NO;
				CLANG_CXX_LANGUAGE_STANDARD = "gnu++0x";
				CLANG_CXX_LIBRARY = "libc++";
				CLANG_ENABLE_MODULES = YES;
				CLANG_ENABLE_OBJC_ARC = YES;
				CLANG_WARN_BOOL_CONVERSION = YES;
				CLANG_WARN_CONSTANT_CONVERSION = YES;
				CLANG_WARN_DIRECT_OBJC_ISA_USAGE = YES_ERROR;
				CLANG_WARN_EMPTY_BODY = YES;
				CLANG_WARN_ENUM_CONVERSION = YES;
				CLANG_WARN_INT_CONVERSION = YES;
				CLANG_WARN_OBJC_ROOT_CLASS = YES_ERROR;
				CLANG_WARN_UNREACHABLE_CODE = YES;
				CLANG_WARN__DUPLICATE_METHOD_MATCH = YES;
				COPY_PHASE_STRIP = NO;
				DEBUG_INFORMATION_FORMAT = dwarf;
				ENABLE_STRICT_OBJC_MSGSEND = YES;
				GCC_C_LANGUAGE_STANDARD = gnu99;
				GCC_DYNAMIC_NO_PIC = NO;
				GCC_NO_COMMON_BLOCKS = YES;
				GCC_OPTIMIZATION_LEVEL = 0;
				GCC_PREPROCESSOR_DEFINITIONS = (
					"DEBUG=1",
					"$(inherited)",
				);
				GCC_SYMBOLS_PRIVATE_EXTERN = NO;
				GCC_WARN_64_TO_32_BIT_CONVERSION = YES;
				GCC_WARN_ABOUT_RETURN_TYPE = YES_ERROR;
				GCC_WARN_UNDECLARED_SELECTOR = YES;
				GCC_WARN_UNINITIALIZED_AUTOS = YES_AGGRESSIVE;
				GCC_WARN_UNUSED_FUNCTION = YES;
				GCC_WARN_UNUSED_VARIABLE = YES;
				MACOSX_DEPLOYMENT_TARGET = 10.10;
				MTL_ENABLE_DEBUG_INFO = YES;
				ONLY_ACTIVE_ARCH = YES;
				SDKROOT = macosx;
			};
			name = Debug;
		};
		EB3EBC8B1B14A14B006FB03B /* Release */ = {
			isa = XCBuildConfiguration;
			buildSettings = {
				ALWAYS_SEARCH_USER_PATHS = NO;
				CLANG_CXX_LANGUAGE_STANDARD = "gnu++0x";
				CLANG_CXX_LIBRARY = "libc++";
				CLANG_ENABLE_MODULES = YES;
				CLANG_ENABLE_OBJC_ARC = YES;
				CLANG_WARN_BOOL_CONVERSION = YES;
				CLANG_WARN_CONSTANT_CONVERSION = YES;
				CLANG_WARN_DIRECT_OBJC_ISA_USAGE = YES_ERROR;
				CLANG_WARN_EMPTY_BODY = YES;
				CLANG_WARN_ENUM_CONVERSION = YES;
				CLANG_WARN_INT_CONVERSION = YES;
				CLANG_WARN_OBJC_ROOT_CLASS = YES_ERROR;
				CLANG_WARN_UNREACHABLE_CODE = YES;
				CLANG_WARN__DUPLICATE_METHOD_MATCH = YES;
				COPY_PHASE_STRIP = NO;
				DEBUG_INFORMATION_FORMAT = "dwarf-with-dsym";
				ENABLE_NS_ASSERTIONS = NO;
				ENABLE_STRICT_OBJC_MSGSEND = YES;
				GCC_C_LANGUAGE_STANDARD = gnu99;
				GCC_NO_COMMON_BLOCKS = YES;
				GCC_WARN_64_TO_32_BIT_CONVERSION = YES;
				GCC_WARN_ABOUT_RETURN_TYPE = YES_ERROR;
				GCC_WARN_UNDECLARED_SELECTOR = YES;
				GCC_WARN_UNINITIALIZED_AUTOS = YES_AGGRESSIVE;
				GCC_WARN_UNUSED_FUNCTION = YES;
				GCC_WARN_UNUSED_VARIABLE = YES;
				MACOSX_DEPLOYMENT_TARGET = 10.10;
				MTL_ENABLE_DEBUG_INFO = NO;
				SDKROOT = macosx;
			};
			name = Release;
		};
		EB3EBC8D1B14A14B006FB03B /* Debug */ = {
			isa = XCBuildConfiguration;
			buildSettings = {
				PRODUCT_NAME = "$(TARGET_NAME)";
			};
			name = Debug;
		};
		EB3EBC8E1B14A14B006FB03B /* Release */ = {
			isa = XCBuildConfiguration;
			buildSettings = {
				PRODUCT_NAME = "$(TARGET_NAME)";
			};
			name = Release;
		};
/* End XCBuildConfiguration section */

/* Begin XCConfigurationList section */
		EB3EBC801B14A14B006FB03B /* Build configuration list for PBXProject "Convolution" */ = {
			isa = XCConfigurationList;
			buildConfigurations = (
				EB3EBC8A1B14A14B006FB03B /* Debug */,
				EB3EBC8B1B14A14B006FB03B /* Release */,
			);
			defaultConfigurationIsVisible = 0;
			defaultConfigurationName = Release;
		};
		EB3EBC8C1B14A14B006FB03B /* Build configuration list for PBXNativeTarget "Convolution" */ = {
			isa = XCConfigurationList;
			buildConfigurations = (
				EB3EBC8D1B14A14B006FB03B /* Debug */,
				EB3EBC8E1B14A14B006FB03B /* Release */,
			);
			defaultConfigurationIsVisible = 0;
			defaultConfigurationName = Release;
		};
/* End XCConfigurationList section */
	};
	rootObject = EB3EBC7D1B14A14B006FB03B /* Project object */;
}
